id: ncjt_rg_demapper
label: RG Demapper
category: '[dMIMO]'

templates:
  imports: from gnuradio import ncjt
  make: ncjt.rg_demapper(${phase}, ${nstrm}, ${modtype}, ${n_ofdm_syms}, ${sd_num}, ${usecsi}, ${code_rate}, ${tag_snr}, ${debug})

parameters:
  - id: phase
    label: dMIMO Phase
    dtype: int
    default: 2
    options: [2, 3]
    option_labels: ['Phase 2', 'Phase 3']
  - id: nstrm
    label: Number of Streams
    dtype: int
    default: 1
    options: [1, 2, 3, 4]
  - id: modtype
    label: Bits per Symbol
    dtype: int
    default: 2
    options: [2, 4, 6, 8]
    option_labels: [ QPSK, 16QAM, 64QAM, 256QAM ]
  - id: n_ofdm_syms
    label: Number of OFDM Symbols
    dtype: int
    default: 40
  - id: sd_num
    label: Number of Data Subcarriers
    dtype: int
    default: 52
    readonly: true
  - id: usecsi
    label: CSI
    dtype: bool
    default: 'False'
    options: [ 'True', 'False' ]
    option_labels: [ Enable, Disable ]
  - id: code_rate
    label: Code Rate
    dtype: int
    default: 0
    options: [0, 1, 2, 3, 4, 5, 6, 7]
    option_labels: [ 'Disable', '1/4', '1/3', '1/2', '2/3', '3/4', '4/5', '5/6' ]
  - id: tag_snr
    label: SNR from Tag
    dtype: bool
    default: 'False'
    options: [ 'True', 'False' ]
    option_labels: [ Enable, Disable ]
    hide: part
  - id: debug
    label: Debug
    dtype: bool
    default: 'False'
    options: [ 'True', 'False' ]
    option_labels: [ Enable, Disable ]
    hide: part

inputs:
  - label: in
    domain: stream
    dtype: complex
    multiplicity: ${nstrm}
  - label: csi
    domain: stream
    dtype: complex
    multiplicity: ${nstrm}
    hide: ${not usecsi}

outputs:
  - label: out
    domain: stream
    dtype: complex
  - label: csi
    domain: stream
    dtype: complex

file_format: 1
