id: ncjt_pkt_detect
label: Packet Detect
category: '[dMIMO]'

templates:
  imports: from gnuradio import ncjt
  make: ncjt.pkt_detect(${nchans}, ${preamblelen}, ${dataframelen}, ${samplerate}, ${pktspersec}, ${rxpwrthrd}, ${acorrthrd}, ${xcorrthrd}, ${maxcorrlen}, ${syncall}, ${debug})

parameters:
  - id: nchans
    label: Number of Channels
    dtype: int
    default: 1
    options: [ 1, 2, 3, 4, 5, 6, 7, 8, 9, 10, 11, 12, 13, 14, 15, 16, 17, 18, 19, 20 ]
    hide: part
  - id: preamblelen
    label: HTPreamble Length
    dtype: int
    default: '400'
  - id: dataframelen
    label: DataFrame Length
    dtype: int
  - id: samplerate
    label: Sample Rate
    dtype: real
    default: '10e6'
    hide: part
  - id: pktspersec
    label: Packets/Sec
    dtype: int
    default: '8'
  - id: rxpwrthrd
    label: Signal Power Threshold
    dtype: float
    default: '5e-4'
  - id: acorrthrd
    label: Search Threshold
    dtype: float
    default: '0.6'
  - id: xcorrthrd
    label: Xcorr Threshold
    dtype: float
    default: '0.5'
  - id: maxcorrlen
    label: Search Window
    dtype: int
    default: '4000'
    hide: part
  - id: syncall
    label: Sync Rx
    dtype: bool
    default: 'False'
    options: [ 'True', 'False' ]
    option_labels: [ Enable, Disable ]
    hide: part
  - id: debug
    label: Debug
    dtype: bool
    default: 'False'
    options: [ 'True', 'False' ]
    option_labels: [ Enable, Disable ]
    hide: part

inputs:
  - label: in
    domain: stream
    dtype: complex
    multiplicity: ${nchans}
  - label: allrdy
    domain: message
    optional: true

outputs:
  - label: out
    domain: stream
    dtype: complex
    multiplicity: ${nchans}
  - label: rxrdy
    domain: message
    optional: true

asserts:
  - ${ dataframelen > 0 }
  - ${ dataframelen > 0 }
  - ${ pktspersec >= 1 and pktspersec <= 100 }

file_format: 1
